
Microsoft Visual Studio Solution File, Format Version 12.00
# Visual Studio 15
VisualStudioVersion = 15.0.26228.9
MinimumVisualStudioVersion = 10.0.40219.1
Project("{FAE04EC0-301F-11D3-BF4B-00C04F79EFBC}") = "StockMiner", "StockMiner\StockMiner.csproj", "{2D2313BF-F15A-4A71-A410-A5A8FB14C5EC}"
EndProject
Project("{FAE04EC0-301F-11D3-BF4B-00C04F79EFBC}") = "StockDbContext", "StockDbContext\StockDbContext.csproj", "{C9A24B4B-063D-4331-9A97-F4D86680DACE}"
EndProject
Project("{FAE04EC0-301F-11D3-BF4B-00C04F79EFBC}") = "StockMiner.Test", "StockMiner.Test\StockMiner.Test.csproj", "{6348D066-1C53-4208-8585-FA1FE2BFC034}"
EndProject
Global
	GlobalSection(SolutionConfigurationPlatforms) = preSolution
		Debug|Any CPU = Debug|Any CPU
		Release|Any CPU = Release|Any CPU
	EndGlobalSection
	GlobalSection(ProjectConfigurationPlatforms) = postSolution
		{2D2313BF-F15A-4A71-A410-A5A8FB14C5EC}.Debug|Any CPU.ActiveCfg = Debug|Any CPU
		{2D2313BF-F15A-4A71-A410-A5A8FB14C5EC}.Debug|Any CPU.Build.0 = Debug|Any CPU
		{2D2313BF-F15A-4A71-A410-A5A8FB14C5EC}.Release|Any CPU.ActiveCfg = Release|Any CPU
		{2D2313BF-F15A-4A71-A410-A5A8FB14C5EC}.Release|Any CPU.Build.0 = Release|Any CPU
		{C9A24B4B-063D-4331-9A97-F4D86680DACE}.Debug|Any CPU.ActiveCfg = Debug|Any CPU
		{C9A24B4B-063D-4331-9A97-F4D86680DACE}.Debug|Any CPU.Build.0 = Debug|Any CPU
		{C9A24B4B-063D-4331-9A97-F4D86680DACE}.Release|Any CPU.ActiveCfg = Release|Any CPU
		{C9A24B4B-063D-4331-9A97-F4D86680DACE}.Release|Any CPU.Build.0 = Release|Any CPU
		{6348D066-1C53-4208-8585-FA1FE2BFC034}.Debug|Any CPU.ActiveCfg = Debug|Any CPU
		{6348D066-1C53-4208-8585-FA1FE2BFC034}.Debug|Any CPU.Build.0 = Debug|Any CPU
		{6348D066-1C53-4208-8585-FA1FE2BFC034}.Release|Any CPU.ActiveCfg = Release|Any CPU
		{6348D066-1C53-4208-8585-FA1FE2BFC034}.Release|Any CPU.Build.0 = Release|Any CPU
	EndGlobalSection
	GlobalSection(SolutionProperties) = preSolution
		HideSolutionNode = FALSE
	EndGlobalSection
EndGlobal
